
Microsoft Visual Studio Solution File, Format Version 12.00
# Visual Studio Version 17
VisualStudioVersion = 17.7.34018.315
MinimumVisualStudioVersion = 10.0.40219.1
Project("{FAE04EC0-301F-11D3-BF4B-00C04F79EFBC}") = "KyrsFisr", "KyrsFisr.csproj", "{4D233A13-3E71-41BD-81C7-B609B92F5738}"
EndProject
Global
	GlobalSection(SolutionConfigurationPlatforms) = preSolution
		Debug|Any CPU = Debug|Any CPU
		Release|Any CPU = Release|Any CPU
	EndGlobalSection
	GlobalSection(ProjectConfigurationPlatforms) = postSolution
		{4D233A13-3E71-41BD-81C7-B609B92F5738}.Debug|Any CPU.ActiveCfg = Debug|Any CPU
		{4D233A13-3E71-41BD-81C7-B609B92F5738}.Debug|Any CPU.Build.0 = Debug|Any CPU
		{4D233A13-3E71-41BD-81C7-B609B92F5738}.Release|Any CPU.ActiveCfg = Release|Any CPU
		{4D233A13-3E71-41BD-81C7-B609B92F5738}.Release|Any CPU.Build.0 = Release|Any CPU
	EndGlobalSection
	GlobalSection(SolutionProperties) = preSolution
		HideSolutionNode = FALSE
	EndGlobalSection
	GlobalSection(ExtensibilityGlobals) = postSolution
		SolutionGuid = {2D0D6160-B16C-4E9D-A1C3-100D9AF3B099}
	EndGlobalSection
EndGlobal
